{
  "lockfile_version": "1",
  "packages": {
    "alejandra@latest": {
      "resolved": "github:NixOS/nixpkgs/f80ac848e3d6f0c12c52758c0f25c10c97ca3b62#alejandra"
    },
    "colmena@latest": {
      "resolved": "github:NixOS/nixpkgs/f80ac848e3d6f0c12c52758c0f25c10c97ca3b62#colmena"
    },
    "deploy-rs@latest": {
      "last_modified": "2023-11-17T14:14:56Z",
      "resolved": "github:NixOS/nixpkgs/a71323f68d4377d12c04a5410e214495ec598d4c#deploy-rs",
      "source": "devbox-search",
      "version": "2023-09-12",
      "systems": {
        "aarch64-darwin": {
          "store_path": "/nix/store/bgrxx2b0nrkrnkj6fci7ncnzihs7krln-deploy-rs-unstable-2023-09-12"
        },
        "aarch64-linux": {
          "store_path": "/nix/store/vrygnc5c597zdbv07yvyzjlllvrlsrn5-deploy-rs-unstable-2023-09-12"
        },
        "x86_64-darwin": {
          "store_path": "/nix/store/g30ga9jyw31v7f46x1frx93qrfvfhlf0-deploy-rs-unstable-2023-09-12"
        },
        "x86_64-linux": {
          "store_path": "/nix/store/7dfx34s19qr85z29jhcx5d8sgh44gz22-deploy-rs-unstable-2023-09-12"
        }
      }
    },
    "home-manager@latest": {
      "resolved": "github:NixOS/nixpkgs/f80ac848e3d6f0c12c52758c0f25c10c97ca3b62#home-manager"
    },
    "just@latest": {
      "last_modified": "2023-11-19T09:25:46Z",
      "resolved": "github:NixOS/nixpkgs/53aeb5c67b78a1bb565467043b79c3948afacbc9#just",
      "source": "devbox-search",
      "version": "1.16.0",
      "systems": {
        "aarch64-darwin": {
          "store_path": "/nix/store/b4gw7iwz4b6s1q9sj6fj85szaiqil5q5-just-1.16.0"
        },
        "aarch64-linux": {
          "store_path": "/nix/store/42c5w05p8clgdji2mq8ggy95xqzn9s87-just-1.16.0"
        },
        "x86_64-darwin": {
          "store_path": "/nix/store/ibhlw2lqnhh0cf3annqwc0i2g3kbbzxl-just-1.16.0"
        },
        "x86_64-linux": {
          "store_path": "/nix/store/fv9livr2vv8nr9mgr6g2lfyblh6pkwzj-just-1.16.0"
        }
      }
    },
    "nil@latest": {
      "resolved": "github:NixOS/nixpkgs/f80ac848e3d6f0c12c52758c0f25c10c97ca3b62#nil"
    }
  }
}
