{
  "lockfile_version": "1",
  "packages": {
    "alejandra@latest": {
      "resolved": "github:NixOS/nixpkgs/f80ac848e3d6f0c12c52758c0f25c10c97ca3b62#alejandra"
    },
    "attic-client@latest": {
      "last_modified": "2024-03-27T09:47:59Z",
      "resolved": "github:NixOS/nixpkgs/2230a20f2b5a14f2db3d7f13a2dc3c22517e790b#attic-client",
      "source": "devbox-search",
      "version": "0.1.0",
      "systems": {
        "aarch64-darwin": {
          "outputs": [
            {
              "name": "out",
              "path": "/nix/store/692ckynzixzbxgp8basj4w0942z8ldqa-attic-0.1.0",
              "default": true
            }
          ],
          "store_path": "/nix/store/692ckynzixzbxgp8basj4w0942z8ldqa-attic-0.1.0"
        },
        "aarch64-linux": {
          "outputs": [
            {
              "name": "out",
              "path": "/nix/store/p96mb96wvw2akx3gac9ji49wh1aqy15v-attic-0.1.0",
              "default": true
            }
          ],
          "store_path": "/nix/store/p96mb96wvw2akx3gac9ji49wh1aqy15v-attic-0.1.0"
        },
        "x86_64-darwin": {
          "outputs": [
            {
              "name": "out",
              "path": "/nix/store/50kp0aq0jlpdm765zf79whx5jv9aak05-attic-0.1.0",
              "default": true
            }
          ],
          "store_path": "/nix/store/50kp0aq0jlpdm765zf79whx5jv9aak05-attic-0.1.0"
        },
        "x86_64-linux": {
          "outputs": [
            {
              "name": "out",
              "path": "/nix/store/dm45b4zfq12gczl151l72mj4ndxwbylm-attic-0.1.0",
              "default": true
            }
          ],
          "store_path": "/nix/store/dm45b4zfq12gczl151l72mj4ndxwbylm-attic-0.1.0"
        }
      }
    },
    "colmena@latest": {
      "resolved": "github:NixOS/nixpkgs/f80ac848e3d6f0c12c52758c0f25c10c97ca3b62#colmena"
    },
    "home-manager@latest": {
      "resolved": "github:NixOS/nixpkgs/f80ac848e3d6f0c12c52758c0f25c10c97ca3b62#home-manager"
    },
    "just@latest": {
      "last_modified": "2023-11-19T09:25:46Z",
      "resolved": "github:NixOS/nixpkgs/53aeb5c67b78a1bb565467043b79c3948afacbc9#just",
      "source": "devbox-search",
      "version": "1.16.0",
      "systems": {
        "aarch64-darwin": {
          "store_path": "/nix/store/b4gw7iwz4b6s1q9sj6fj85szaiqil5q5-just-1.16.0"
        },
        "aarch64-linux": {
          "store_path": "/nix/store/42c5w05p8clgdji2mq8ggy95xqzn9s87-just-1.16.0"
        },
        "x86_64-darwin": {
          "store_path": "/nix/store/ibhlw2lqnhh0cf3annqwc0i2g3kbbzxl-just-1.16.0"
        },
        "x86_64-linux": {
          "store_path": "/nix/store/fv9livr2vv8nr9mgr6g2lfyblh6pkwzj-just-1.16.0"
        }
      }
    },
    "nil@latest": {
      "resolved": "github:NixOS/nixpkgs/f80ac848e3d6f0c12c52758c0f25c10c97ca3b62#nil"
    }
  }
}
